
Microsoft Visual Studio Solution File, Format Version 12.00
# Visual Studio Version 17
VisualStudioVersion = 17.3.32929.385
MinimumVisualStudioVersion = 10.0.40219.1
Project("{FAE04EC0-301F-11D3-BF4B-00C04F79EFBC}") = "WebApi", "WebApi\WebApi.csproj", "{FC310E7A-20F1-41AE-A001-E01F6219CD82}"
EndProject
Project("{FAE04EC0-301F-11D3-BF4B-00C04F79EFBC}") = "EntityFramework_WebApi", "EntityFramework_WebApi\EntityFramework_WebApi.csproj", "{104DBA6C-A734-4044-AA30-FBBEF4F1B125}"
EndProject
Global
	GlobalSection(SolutionConfigurationPlatforms) = preSolution
		Debug|Any CPU = Debug|Any CPU
		Release|Any CPU = Release|Any CPU
	EndGlobalSection
	GlobalSection(ProjectConfigurationPlatforms) = postSolution
		{FC310E7A-20F1-41AE-A001-E01F6219CD82}.Debug|Any CPU.ActiveCfg = Debug|Any CPU
		{FC310E7A-20F1-41AE-A001-E01F6219CD82}.Debug|Any CPU.Build.0 = Debug|Any CPU
		{FC310E7A-20F1-41AE-A001-E01F6219CD82}.Release|Any CPU.ActiveCfg = Release|Any CPU
		{FC310E7A-20F1-41AE-A001-E01F6219CD82}.Release|Any CPU.Build.0 = Release|Any CPU
		{104DBA6C-A734-4044-AA30-FBBEF4F1B125}.Debug|Any CPU.ActiveCfg = Debug|Any CPU
		{104DBA6C-A734-4044-AA30-FBBEF4F1B125}.Debug|Any CPU.Build.0 = Debug|Any CPU
		{104DBA6C-A734-4044-AA30-FBBEF4F1B125}.Release|Any CPU.ActiveCfg = Release|Any CPU
		{104DBA6C-A734-4044-AA30-FBBEF4F1B125}.Release|Any CPU.Build.0 = Release|Any CPU
	EndGlobalSection
	GlobalSection(SolutionProperties) = preSolution
		HideSolutionNode = FALSE
	EndGlobalSection
	GlobalSection(ExtensibilityGlobals) = postSolution
		SolutionGuid = {70091286-35BA-4B6B-A6F9-BAFF3610A229}
	EndGlobalSection
EndGlobal
