
Microsoft Visual Studio Solution File, Format Version 12.00
# Visual Studio Version 17
VisualStudioVersion = 17.4.33103.184
MinimumVisualStudioVersion = 10.0.40219.1
Project("{FAE04EC0-301F-11D3-BF4B-00C04F79EFBC}") = "WebApi", "WebApi\WebApi.csproj", "{35CCBAA4-1A41-4C33-8C8C-35081D8A871D}"
EndProject
Global
	GlobalSection(SolutionConfigurationPlatforms) = preSolution
		Debug|Any CPU = Debug|Any CPU
		Release|Any CPU = Release|Any CPU
	EndGlobalSection
	GlobalSection(ProjectConfigurationPlatforms) = postSolution
		{35CCBAA4-1A41-4C33-8C8C-35081D8A871D}.Debug|Any CPU.ActiveCfg = Debug|Any CPU
		{35CCBAA4-1A41-4C33-8C8C-35081D8A871D}.Debug|Any CPU.Build.0 = Debug|Any CPU
		{35CCBAA4-1A41-4C33-8C8C-35081D8A871D}.Release|Any CPU.ActiveCfg = Release|Any CPU
		{35CCBAA4-1A41-4C33-8C8C-35081D8A871D}.Release|Any CPU.Build.0 = Release|Any CPU
	EndGlobalSection
	GlobalSection(SolutionProperties) = preSolution
		HideSolutionNode = FALSE
	EndGlobalSection
	GlobalSection(ExtensibilityGlobals) = postSolution
		SolutionGuid = {F70AA2A0-728B-440A-BF96-024C50DC5974}
	EndGlobalSection
EndGlobal
